{
  "name": "sweet-as-beers",
  "version": "0.1.0",
  "lockfileVersion": 1,
  "requires": true,
  "dependencies": {
    "node-addon-api": {
      "version": "1.6.1",
      "resolved": "https://registry.npmjs.org/node-addon-api/-/node-addon-api-1.6.1.tgz",
      "integrity": "sha512-GcLOYrG5/enbqH4SMsqXt6GQUQGGnDnE3FLDZzXYkCgQHuZV5UDFR+EboeY8kpG0avroyOjpFQ2qLEBosFcRIA=="
    },
    "sodium": {
      "version": "3.0.1",
      "resolved": "https://registry.npmjs.org/sodium/-/sodium-3.0.1.tgz",
      "integrity": "sha512-P3lySoF+MYSuL6HjlsekX5++v8KHTpGX+/kU3BW0y8+MAUVUXCsRHHQs9FIyqWh7FoLxia9UhpqEMFnjZkMopg==",
      "requires": {
        "node-addon-api": "1.6.1"
      }
    }
  }
}
